
Microsoft Visual Studio Solution File, Format Version 12.00
# Visual Studio Version 16
VisualStudioVersion = 16.0.29728.190
MinimumVisualStudioVersion = 10.0.40219.1
Project("{FAE04EC0-301F-11D3-BF4B-00C04F79EFBC}") = "ProcTeste.DAL", "ProcTeste.DAL\ProcTeste.DAL.csproj", "{9E8B025E-341D-4EBC-BED0-1C134B259268}"
EndProject
Project("{FAE04EC0-301F-11D3-BF4B-00C04F79EFBC}") = "ProcTeste.BLL", "ProcTeste.BLL\ProcTeste.BLL.csproj", "{C5814705-3F73-471F-B648-6F6E0391A320}"
EndProject
Project("{FAE04EC0-301F-11D3-BF4B-00C04F79EFBC}") = "ProcTeste.DTO", "ProcTeste.DTO\ProcTeste.DTO.csproj", "{A6991AF7-A91B-49C9-AB69-FA369E40D3F5}"
EndProject
Project("{FAE04EC0-301F-11D3-BF4B-00C04F79EFBC}") = "ProcTeste.Web", "ProcTeste.Web\ProcTeste.Web.csproj", "{843452A5-4698-4026-A6F8-08CCDB784A47}"
EndProject
Global
	GlobalSection(SolutionConfigurationPlatforms) = preSolution
		Debug|Any CPU = Debug|Any CPU
		Release|Any CPU = Release|Any CPU
	EndGlobalSection
	GlobalSection(ProjectConfigurationPlatforms) = postSolution
		{9E8B025E-341D-4EBC-BED0-1C134B259268}.Debug|Any CPU.ActiveCfg = Debug|Any CPU
		{9E8B025E-341D-4EBC-BED0-1C134B259268}.Debug|Any CPU.Build.0 = Debug|Any CPU
		{9E8B025E-341D-4EBC-BED0-1C134B259268}.Release|Any CPU.ActiveCfg = Release|Any CPU
		{9E8B025E-341D-4EBC-BED0-1C134B259268}.Release|Any CPU.Build.0 = Release|Any CPU
		{C5814705-3F73-471F-B648-6F6E0391A320}.Debug|Any CPU.ActiveCfg = Debug|Any CPU
		{C5814705-3F73-471F-B648-6F6E0391A320}.Debug|Any CPU.Build.0 = Debug|Any CPU
		{C5814705-3F73-471F-B648-6F6E0391A320}.Release|Any CPU.ActiveCfg = Release|Any CPU
		{C5814705-3F73-471F-B648-6F6E0391A320}.Release|Any CPU.Build.0 = Release|Any CPU
		{A6991AF7-A91B-49C9-AB69-FA369E40D3F5}.Debug|Any CPU.ActiveCfg = Debug|Any CPU
		{A6991AF7-A91B-49C9-AB69-FA369E40D3F5}.Debug|Any CPU.Build.0 = Debug|Any CPU
		{A6991AF7-A91B-49C9-AB69-FA369E40D3F5}.Release|Any CPU.ActiveCfg = Release|Any CPU
		{A6991AF7-A91B-49C9-AB69-FA369E40D3F5}.Release|Any CPU.Build.0 = Release|Any CPU
		{843452A5-4698-4026-A6F8-08CCDB784A47}.Debug|Any CPU.ActiveCfg = Debug|Any CPU
		{843452A5-4698-4026-A6F8-08CCDB784A47}.Debug|Any CPU.Build.0 = Debug|Any CPU
		{843452A5-4698-4026-A6F8-08CCDB784A47}.Release|Any CPU.ActiveCfg = Release|Any CPU
		{843452A5-4698-4026-A6F8-08CCDB784A47}.Release|Any CPU.Build.0 = Release|Any CPU
	EndGlobalSection
	GlobalSection(SolutionProperties) = preSolution
		HideSolutionNode = FALSE
	EndGlobalSection
	GlobalSection(ExtensibilityGlobals) = postSolution
		SolutionGuid = {A9BB7CEA-D873-4008-B87D-2CE84F7CB84A}
	EndGlobalSection
EndGlobal
